
Microsoft Visual Studio Solution File, Format Version 12.00
# Visual Studio 15
VisualStudioVersion = 15.0.28307.329
MinimumVisualStudioVersion = 10.0.40219.1
Project("{9A19103F-16F7-4668-BE54-9A1E7A4F7556}") = "TeammateInheritance", "TeammateInheritance\TeammateInheritance.csproj", "{9A38EA39-3A2B-4EF1-863B-E56A57C1B7A6}"
EndProject
Project("{9A19103F-16F7-4668-BE54-9A1E7A4F7556}") = "BetterInteractables", "BetterInteractables\BetterInteractables.csproj", "{0408DAD9-89D6-4A01-89F1-130B54DA93A8}"
EndProject
Project("{9A19103F-16F7-4668-BE54-9A1E7A4F7556}") = "CharacterEdits", "CharacterEdits\CharacterEdits.csproj", "{6B06173B-94C1-4ADF-BA56-878707DA9A67}"
EndProject
Project("{9A19103F-16F7-4668-BE54-9A1E7A4F7556}") = "Enemies With Items", "Enemies With Items\Enemies With Items.csproj", "{39003DF4-D317-45CF-B34D-3A3880027423}"
EndProject
Project("{9A19103F-16F7-4668-BE54-9A1E7A4F7556}") = "EnemyEdits", "EnemyEdits\EnemyEdits.csproj", "{E79F6DFD-4ABD-4751-B72A-6D9B6127F829}"
EndProject
Project("{9A19103F-16F7-4668-BE54-9A1E7A4F7556}") = "InteractableManager", "InteractableManager\InteractableManager.csproj", "{A685FC74-6A03-4745-9938-C65981498F46}"
EndProject
Project("{9A19103F-16F7-4668-BE54-9A1E7A4F7556}") = "SizeManager", "SizeManager\SizeManager.csproj", "{137ECB6A-C5BC-45DC-9CE4-8763F3F3DA55}"
EndProject
Project("{9A19103F-16F7-4668-BE54-9A1E7A4F7556}") = "Config UI Controller", "Config UI Controller\Config UI Controller.csproj", "{8AC2D8CF-74E9-4B84-ADBA-0B7BDA2CB248}"
EndProject
Project("{9A19103F-16F7-4668-BE54-9A1E7A4F7556}") = "ThiccMod", "ThiccMod\ThiccMod.csproj", "{51C8056B-063E-4653-8273-B127842AA255}"
EndProject
Project("{9A19103F-16F7-4668-BE54-9A1E7A4F7556}") = "Monsoon+", "Monsoon+\Monsoon+.csproj", "{55F3E662-3249-40D7-BC91-41AA3A7BA388}"
EndProject
Project("{FAE04EC0-301F-11D3-BF4B-00C04F79EFBC}") = "TurretMod", "TurretMod\TurretMod.csproj", "{89B4E5EF-4740-46A1-A61B-FD319C4F67BB}"
EndProject
Global
	GlobalSection(SolutionConfigurationPlatforms) = preSolution
		Debug|Any CPU = Debug|Any CPU
		Release|Any CPU = Release|Any CPU
	EndGlobalSection
	GlobalSection(ProjectConfigurationPlatforms) = postSolution
		{9A38EA39-3A2B-4EF1-863B-E56A57C1B7A6}.Debug|Any CPU.ActiveCfg = Debug|Any CPU
		{9A38EA39-3A2B-4EF1-863B-E56A57C1B7A6}.Debug|Any CPU.Build.0 = Debug|Any CPU
		{9A38EA39-3A2B-4EF1-863B-E56A57C1B7A6}.Release|Any CPU.ActiveCfg = Release|Any CPU
		{9A38EA39-3A2B-4EF1-863B-E56A57C1B7A6}.Release|Any CPU.Build.0 = Release|Any CPU
		{0408DAD9-89D6-4A01-89F1-130B54DA93A8}.Debug|Any CPU.ActiveCfg = Debug|Any CPU
		{0408DAD9-89D6-4A01-89F1-130B54DA93A8}.Debug|Any CPU.Build.0 = Debug|Any CPU
		{0408DAD9-89D6-4A01-89F1-130B54DA93A8}.Release|Any CPU.ActiveCfg = Release|Any CPU
		{0408DAD9-89D6-4A01-89F1-130B54DA93A8}.Release|Any CPU.Build.0 = Release|Any CPU
		{6B06173B-94C1-4ADF-BA56-878707DA9A67}.Debug|Any CPU.ActiveCfg = Debug|Any CPU
		{6B06173B-94C1-4ADF-BA56-878707DA9A67}.Debug|Any CPU.Build.0 = Debug|Any CPU
		{6B06173B-94C1-4ADF-BA56-878707DA9A67}.Release|Any CPU.ActiveCfg = Release|Any CPU
		{6B06173B-94C1-4ADF-BA56-878707DA9A67}.Release|Any CPU.Build.0 = Release|Any CPU
		{39003DF4-D317-45CF-B34D-3A3880027423}.Debug|Any CPU.ActiveCfg = Debug|Any CPU
		{39003DF4-D317-45CF-B34D-3A3880027423}.Debug|Any CPU.Build.0 = Debug|Any CPU
		{39003DF4-D317-45CF-B34D-3A3880027423}.Release|Any CPU.ActiveCfg = Release|Any CPU
		{39003DF4-D317-45CF-B34D-3A3880027423}.Release|Any CPU.Build.0 = Release|Any CPU
		{E79F6DFD-4ABD-4751-B72A-6D9B6127F829}.Debug|Any CPU.ActiveCfg = Debug|Any CPU
		{E79F6DFD-4ABD-4751-B72A-6D9B6127F829}.Debug|Any CPU.Build.0 = Debug|Any CPU
		{E79F6DFD-4ABD-4751-B72A-6D9B6127F829}.Release|Any CPU.ActiveCfg = Release|Any CPU
		{E79F6DFD-4ABD-4751-B72A-6D9B6127F829}.Release|Any CPU.Build.0 = Release|Any CPU
		{A685FC74-6A03-4745-9938-C65981498F46}.Debug|Any CPU.ActiveCfg = Debug|Any CPU
		{A685FC74-6A03-4745-9938-C65981498F46}.Debug|Any CPU.Build.0 = Debug|Any CPU
		{A685FC74-6A03-4745-9938-C65981498F46}.Release|Any CPU.ActiveCfg = Release|Any CPU
		{A685FC74-6A03-4745-9938-C65981498F46}.Release|Any CPU.Build.0 = Release|Any CPU
		{137ECB6A-C5BC-45DC-9CE4-8763F3F3DA55}.Debug|Any CPU.ActiveCfg = Debug|Any CPU
		{137ECB6A-C5BC-45DC-9CE4-8763F3F3DA55}.Debug|Any CPU.Build.0 = Debug|Any CPU
		{137ECB6A-C5BC-45DC-9CE4-8763F3F3DA55}.Release|Any CPU.ActiveCfg = Release|Any CPU
		{137ECB6A-C5BC-45DC-9CE4-8763F3F3DA55}.Release|Any CPU.Build.0 = Release|Any CPU
		{8AC2D8CF-74E9-4B84-ADBA-0B7BDA2CB248}.Debug|Any CPU.ActiveCfg = Debug|Any CPU
		{8AC2D8CF-74E9-4B84-ADBA-0B7BDA2CB248}.Debug|Any CPU.Build.0 = Debug|Any CPU
		{8AC2D8CF-74E9-4B84-ADBA-0B7BDA2CB248}.Release|Any CPU.ActiveCfg = Release|Any CPU
		{8AC2D8CF-74E9-4B84-ADBA-0B7BDA2CB248}.Release|Any CPU.Build.0 = Release|Any CPU
		{51C8056B-063E-4653-8273-B127842AA255}.Debug|Any CPU.ActiveCfg = Debug|Any CPU
		{51C8056B-063E-4653-8273-B127842AA255}.Debug|Any CPU.Build.0 = Debug|Any CPU
		{51C8056B-063E-4653-8273-B127842AA255}.Release|Any CPU.ActiveCfg = Release|Any CPU
		{51C8056B-063E-4653-8273-B127842AA255}.Release|Any CPU.Build.0 = Release|Any CPU
		{55F3E662-3249-40D7-BC91-41AA3A7BA388}.Debug|Any CPU.ActiveCfg = Debug|Any CPU
		{55F3E662-3249-40D7-BC91-41AA3A7BA388}.Debug|Any CPU.Build.0 = Debug|Any CPU
		{55F3E662-3249-40D7-BC91-41AA3A7BA388}.Release|Any CPU.ActiveCfg = Release|Any CPU
		{55F3E662-3249-40D7-BC91-41AA3A7BA388}.Release|Any CPU.Build.0 = Release|Any CPU
		{89B4E5EF-4740-46A1-A61B-FD319C4F67BB}.Debug|Any CPU.ActiveCfg = Debug|Any CPU
		{89B4E5EF-4740-46A1-A61B-FD319C4F67BB}.Debug|Any CPU.Build.0 = Debug|Any CPU
		{89B4E5EF-4740-46A1-A61B-FD319C4F67BB}.Release|Any CPU.ActiveCfg = Release|Any CPU
		{89B4E5EF-4740-46A1-A61B-FD319C4F67BB}.Release|Any CPU.Build.0 = Release|Any CPU
	EndGlobalSection
	GlobalSection(SolutionProperties) = preSolution
		HideSolutionNode = FALSE
	EndGlobalSection
	GlobalSection(ExtensibilityGlobals) = postSolution
		SolutionGuid = {A8D0F15D-B98B-40D7-BAD5-80E431968A2F}
	EndGlobalSection
EndGlobal
